
Microsoft Visual Studio Solution File, Format Version 12.00
# Visual Studio Version 17
VisualStudioVersion = 17.0.31903.59
MinimumVisualStudioVersion = 10.0.40219.1
Project("{FAE04EC0-301F-11D3-BF4B-00C04F79EFBC}") = "CursoXamarinALURA.Android", "CursoXamarinALURA\CursoXamarinALURA.Android\CursoXamarinALURA.Android.csproj", "{C310145C-A757-4A1B-B6A9-9A73A64AEE2C}"
EndProject
Project("{FAE04EC0-301F-11D3-BF4B-00C04F79EFBC}") = "CursoXamarinALURA.iOS", "CursoXamarinALURA\CursoXamarinALURA.iOS\CursoXamarinALURA.iOS.csproj", "{F35FA16B-115C-4084-B85C-DE65105A8C68}"
EndProject
Project("{FAE04EC0-301F-11D3-BF4B-00C04F79EFBC}") = "CursoXamarinALURA", "CursoXamarinALURA\CursoXamarinALURA\CursoXamarinALURA.csproj", "{74FC7CA9-E9A2-4208-B4B1-EC3DA7942DD9}"
EndProject
Global
	GlobalSection(SolutionConfigurationPlatforms) = preSolution
		Debug|Any CPU = Debug|Any CPU
		Debug|iPhone = Debug|iPhone
		Debug|iPhoneSimulator = Debug|iPhoneSimulator
		Release|Any CPU = Release|Any CPU
		Release|iPhone = Release|iPhone
		Release|iPhoneSimulator = Release|iPhoneSimulator
	EndGlobalSection
	GlobalSection(ProjectConfigurationPlatforms) = postSolution
		{C310145C-A757-4A1B-B6A9-9A73A64AEE2C}.Debug|Any CPU.ActiveCfg = Debug|Any CPU
		{C310145C-A757-4A1B-B6A9-9A73A64AEE2C}.Debug|Any CPU.Build.0 = Debug|Any CPU
		{C310145C-A757-4A1B-B6A9-9A73A64AEE2C}.Debug|Any CPU.Deploy.0 = Debug|Any CPU
		{C310145C-A757-4A1B-B6A9-9A73A64AEE2C}.Debug|iPhone.ActiveCfg = Debug|Any CPU
		{C310145C-A757-4A1B-B6A9-9A73A64AEE2C}.Debug|iPhone.Build.0 = Debug|Any CPU
		{C310145C-A757-4A1B-B6A9-9A73A64AEE2C}.Debug|iPhone.Deploy.0 = Debug|Any CPU
		{C310145C-A757-4A1B-B6A9-9A73A64AEE2C}.Debug|iPhoneSimulator.ActiveCfg = Debug|Any CPU
		{C310145C-A757-4A1B-B6A9-9A73A64AEE2C}.Debug|iPhoneSimulator.Build.0 = Debug|Any CPU
		{C310145C-A757-4A1B-B6A9-9A73A64AEE2C}.Debug|iPhoneSimulator.Deploy.0 = Debug|Any CPU
		{C310145C-A757-4A1B-B6A9-9A73A64AEE2C}.Release|Any CPU.ActiveCfg = Release|Any CPU
		{C310145C-A757-4A1B-B6A9-9A73A64AEE2C}.Release|Any CPU.Build.0 = Release|Any CPU
		{C310145C-A757-4A1B-B6A9-9A73A64AEE2C}.Release|Any CPU.Deploy.0 = Release|Any CPU
		{C310145C-A757-4A1B-B6A9-9A73A64AEE2C}.Release|iPhone.ActiveCfg = Release|Any CPU
		{C310145C-A757-4A1B-B6A9-9A73A64AEE2C}.Release|iPhone.Build.0 = Release|Any CPU
		{C310145C-A757-4A1B-B6A9-9A73A64AEE2C}.Release|iPhone.Deploy.0 = Release|Any CPU
		{C310145C-A757-4A1B-B6A9-9A73A64AEE2C}.Release|iPhoneSimulator.ActiveCfg = Release|Any CPU
		{C310145C-A757-4A1B-B6A9-9A73A64AEE2C}.Release|iPhoneSimulator.Build.0 = Release|Any CPU
		{C310145C-A757-4A1B-B6A9-9A73A64AEE2C}.Release|iPhoneSimulator.Deploy.0 = Release|Any CPU
		{F35FA16B-115C-4084-B85C-DE65105A8C68}.Debug|Any CPU.ActiveCfg = Debug|iPhone
		{F35FA16B-115C-4084-B85C-DE65105A8C68}.Debug|Any CPU.Deploy.0 = Debug|iPhone
		{F35FA16B-115C-4084-B85C-DE65105A8C68}.Debug|iPhone.ActiveCfg = Debug|iPhone
		{F35FA16B-115C-4084-B85C-DE65105A8C68}.Debug|iPhone.Build.0 = Debug|iPhone
		{F35FA16B-115C-4084-B85C-DE65105A8C68}.Debug|iPhone.Deploy.0 = Debug|iPhone
		{F35FA16B-115C-4084-B85C-DE65105A8C68}.Debug|iPhoneSimulator.ActiveCfg = Debug|iPhoneSimulator
		{F35FA16B-115C-4084-B85C-DE65105A8C68}.Debug|iPhoneSimulator.Build.0 = Debug|iPhoneSimulator
		{F35FA16B-115C-4084-B85C-DE65105A8C68}.Debug|iPhoneSimulator.Deploy.0 = Debug|iPhoneSimulator
		{F35FA16B-115C-4084-B85C-DE65105A8C68}.Release|Any CPU.ActiveCfg = Release|iPhoneSimulator
		{F35FA16B-115C-4084-B85C-DE65105A8C68}.Release|Any CPU.Build.0 = Release|iPhoneSimulator
		{F35FA16B-115C-4084-B85C-DE65105A8C68}.Release|Any CPU.Deploy.0 = Release|iPhoneSimulator
		{F35FA16B-115C-4084-B85C-DE65105A8C68}.Release|iPhone.ActiveCfg = Release|iPhone
		{F35FA16B-115C-4084-B85C-DE65105A8C68}.Release|iPhone.Build.0 = Release|iPhone
		{F35FA16B-115C-4084-B85C-DE65105A8C68}.Release|iPhone.Deploy.0 = Release|iPhone
		{F35FA16B-115C-4084-B85C-DE65105A8C68}.Release|iPhoneSimulator.ActiveCfg = Release|iPhoneSimulator
		{F35FA16B-115C-4084-B85C-DE65105A8C68}.Release|iPhoneSimulator.Build.0 = Release|iPhoneSimulator
		{F35FA16B-115C-4084-B85C-DE65105A8C68}.Release|iPhoneSimulator.Deploy.0 = Release|iPhoneSimulator
		{74FC7CA9-E9A2-4208-B4B1-EC3DA7942DD9}.Debug|Any CPU.ActiveCfg = Debug|Any CPU
		{74FC7CA9-E9A2-4208-B4B1-EC3DA7942DD9}.Debug|Any CPU.Build.0 = Debug|Any CPU
		{74FC7CA9-E9A2-4208-B4B1-EC3DA7942DD9}.Debug|Any CPU.Deploy.0 = Debug|Any CPU
		{74FC7CA9-E9A2-4208-B4B1-EC3DA7942DD9}.Debug|iPhone.ActiveCfg = Debug|Any CPU
		{74FC7CA9-E9A2-4208-B4B1-EC3DA7942DD9}.Debug|iPhone.Build.0 = Debug|Any CPU
		{74FC7CA9-E9A2-4208-B4B1-EC3DA7942DD9}.Debug|iPhone.Deploy.0 = Debug|Any CPU
		{74FC7CA9-E9A2-4208-B4B1-EC3DA7942DD9}.Debug|iPhoneSimulator.ActiveCfg = Debug|Any CPU
		{74FC7CA9-E9A2-4208-B4B1-EC3DA7942DD9}.Debug|iPhoneSimulator.Build.0 = Debug|Any CPU
		{74FC7CA9-E9A2-4208-B4B1-EC3DA7942DD9}.Debug|iPhoneSimulator.Deploy.0 = Debug|Any CPU
		{74FC7CA9-E9A2-4208-B4B1-EC3DA7942DD9}.Release|Any CPU.ActiveCfg = Release|Any CPU
		{74FC7CA9-E9A2-4208-B4B1-EC3DA7942DD9}.Release|Any CPU.Build.0 = Release|Any CPU
		{74FC7CA9-E9A2-4208-B4B1-EC3DA7942DD9}.Release|Any CPU.Deploy.0 = Release|Any CPU
		{74FC7CA9-E9A2-4208-B4B1-EC3DA7942DD9}.Release|iPhone.ActiveCfg = Release|Any CPU
		{74FC7CA9-E9A2-4208-B4B1-EC3DA7942DD9}.Release|iPhone.Build.0 = Release|Any CPU
		{74FC7CA9-E9A2-4208-B4B1-EC3DA7942DD9}.Release|iPhone.Deploy.0 = Release|Any CPU
		{74FC7CA9-E9A2-4208-B4B1-EC3DA7942DD9}.Release|iPhoneSimulator.ActiveCfg = Release|Any CPU
		{74FC7CA9-E9A2-4208-B4B1-EC3DA7942DD9}.Release|iPhoneSimulator.Build.0 = Release|Any CPU
		{74FC7CA9-E9A2-4208-B4B1-EC3DA7942DD9}.Release|iPhoneSimulator.Deploy.0 = Release|Any CPU
	EndGlobalSection
	GlobalSection(SolutionProperties) = preSolution
		HideSolutionNode = FALSE
	EndGlobalSection
	GlobalSection(ExtensibilityGlobals) = postSolution
		SolutionGuid = {8455D34C-37CC-430A-994F-ED3F83661192}
	EndGlobalSection
EndGlobal
